// !$*UTF8*$!
{
	archiveVersion = 1;
	classes = {
	};
	objectVersion = 46;
	objects = {

/* Begin PBXBuildFile section */
		84623F811CCD0EF70046315A /* main.m in Sources */ = {isa = PBXBuildFile; fileRef = 84623F801CCD0EF70046315A /* main.m */; };
		84623F841CCD0EF70046315A /* AppDelegate.m in Sources */ = {isa = PBXBuildFile; fileRef = 84623F831CCD0EF70046315A /* AppDelegate.m */; };
		84623F871CCD0EF70046315A /* ViewController.m in Sources */ = {isa = PBXBuildFile; fileRef = 84623F861CCD0EF70046315A /* ViewController.m */; };
		84623F8A1CCD0EF70046315A /* Main.storyboard in Resources */ = {isa = PBXBuildFile; fileRef = 84623F881CCD0EF70046315A /* Main.storyboard */; };
		84623F8C1CCD0EF70046315A /* Assets.xcassets in Resources */ = {isa = PBXBuildFile; fileRef = 84623F8B1CCD0EF70046315A /* Assets.xcassets */; };
		84623F8F1CCD0EF70046315A /* LaunchScreen.storyboard in Resources */ = {isa = PBXBuildFile; fileRef = 84623F8D1CCD0EF70046315A /* LaunchScreen.storyboard */; };
		84623FA11CCD0F170046315A /* p.p12 in Resources */ = {isa = PBXBuildFile; fileRef = 84623F971CCD0F170046315A /* p.p12 */; };
		84623FA21CCD0F170046315A /* rsacert.der in Resources */ = {isa = PBXBuildFile; fileRef = 84623F981CCD0F170046315A /* rsacert.der */; };
		84623FA31CCD0F170046315A /* NSData+Base64.m in Sources */ = {isa = PBXBuildFile; fileRef = 84623F9B1CCD0F170046315A /* NSData+Base64.m */; };
		84623FA41CCD0F170046315A /* NSString+Base64.m in Sources */ = {isa = PBXBuildFile; fileRef = 84623F9D1CCD0F170046315A /* NSString+Base64.m */; };
		84623FA51CCD0F170046315A /* publick_KEY.der in Resources */ = {isa = PBXBuildFile; fileRef = 84623F9E1CCD0F170046315A /* publick_KEY.der */; };
		84623FA61CCD0F170046315A /* QFRSATool.m in Sources */ = {isa = PBXBuildFile; fileRef = 84623FA01CCD0F170046315A /* QFRSATool.m */; };
/* End PBXBuildFile section */

/* Begin PBXFileReference section */
		84623F7C1CCD0EF70046315A /* RSAEncrypt&Decrypt.app */ = {isa = PBXFileReference; explicitFileType = wrapper.application; includeInIndex = 0; path = "RSAEncrypt&Decrypt.app"; sourceTree = BUILT_PRODUCTS_DIR; };
		84623F801CCD0EF70046315A /* main.m */ = {isa = PBXFileReference; lastKnownFileType = sourcecode.c.objc; path = main.m; sourceTree = "<group>"; };
		84623F821CCD0EF70046315A /* AppDelegate.h */ = {isa = PBXFileReference; lastKnownFileType = sourcecode.c.h; path = AppDelegate.h; sourceTree = "<group>"; };
		84623F831CCD0EF70046315A /* AppDelegate.m */ = {isa = PBXFileReference; lastKnownFileType = sourcecode.c.objc; path = AppDelegate.m; sourceTree = "<group>"; };
		84623F851CCD0EF70046315A /* ViewController.h */ = {isa = PBXFileReference; lastKnownFileType = sourcecode.c.h; path = ViewController.h; sourceTree = "<group>"; };
		84623F861CCD0EF70046315A /* ViewController.m */ = {isa = PBXFileReference; lastKnownFileType = sourcecode.c.objc; path = ViewController.m; sourceTree = "<group>"; };
		84623F891CCD0EF70046315A /* Base */ = {isa = PBXFileReference; lastKnownFileType = file.storyboard; name = Base; path = Base.lproj/Main.storyboard; sourceTree = "<group>"; };
		84623F8B1CCD0EF70046315A /* Assets.xcassets */ = {isa = PBXFileReference; lastKnownFileType = folder.assetcatalog; path = Assets.xcassets; sourceTree = "<group>"; };
		84623F8E1CCD0EF70046315A /* Base */ = {isa = PBXFileReference; lastKnownFileType = file.storyboard; name = Base; path = Base.lproj/LaunchScreen.storyboard; sourceTree = "<group>"; };
		84623F901CCD0EF70046315A /* Info.plist */ = {isa = PBXFileReference; lastKnownFileType = text.plist.xml; path = Info.plist; sourceTree = "<group>"; };
		84623F971CCD0F170046315A /* p.p12 */ = {isa = PBXFileReference; lastKnownFileType = file; path = p.p12; sourceTree = "<group>"; };
		84623F981CCD0F170046315A /* rsacert.der */ = {isa = PBXFileReference; lastKnownFileType = file; path = rsacert.der; sourceTree = "<group>"; };
		84623F9A1CCD0F170046315A /* NSData+Base64.h */ = {isa = PBXFileReference; fileEncoding = 4; lastKnownFileType = sourcecode.c.h; path = "NSData+Base64.h"; sourceTree = "<group>"; };
		84623F9B1CCD0F170046315A /* NSData+Base64.m */ = {isa = PBXFileReference; fileEncoding = 4; lastKnownFileType = sourcecode.c.objc; path = "NSData+Base64.m"; sourceTree = "<group>"; };
		84623F9C1CCD0F170046315A /* NSString+Base64.h */ = {isa = PBXFileReference; fileEncoding = 4; lastKnownFileType = sourcecode.c.h; path = "NSString+Base64.h"; sourceTree = "<group>"; };
		84623F9D1CCD0F170046315A /* NSString+Base64.m */ = {isa = PBXFileReference; fileEncoding = 4; lastKnownFileType = sourcecode.c.objc; path = "NSString+Base64.m"; sourceTree = "<group>"; };
		84623F9E1CCD0F170046315A /* publick_KEY.der */ = {isa = PBXFileReference; lastKnownFileType = file; path = publick_KEY.der; sourceTree = "<group>"; };
		84623F9F1CCD0F170046315A /* QFRSATool.h */ = {isa = PBXFileReference; fileEncoding = 4; lastKnownFileType = sourcecode.c.h; path = QFRSATool.h; sourceTree = "<group>"; };
		84623FA01CCD0F170046315A /* QFRSATool.m */ = {isa = PBXFileReference; fileEncoding = 4; lastKnownFileType = sourcecode.c.objc; path = QFRSATool.m; sourceTree = "<group>"; };
/* End PBXFileReference section */

/* Begin PBXFrameworksBuildPhase section */
		84623F791CCD0EF70046315A /* Frameworks */ = {
			isa = PBXFrameworksBuildPhase;
			buildActionMask = 2147483647;
			files = (
			);
			runOnlyForDeploymentPostprocessing = 0;
		};
/* End PBXFrameworksBuildPhase section */

/* Begin PBXGroup section */
		84623F731CCD0EF70046315A = {
			isa = PBXGroup;
			children = (
				84623F961CCD0F170046315A /* 公钥私钥 */,
				84623F991CCD0F170046315A /* Base64和RSA加解密 */,
				84623F7E1CCD0EF70046315A /* RSAEncrypt&Decrypt */,
				84623F7D1CCD0EF70046315A /* Products */,
			);
			sourceTree = "<group>";
		};
		84623F7D1CCD0EF70046315A /* Products */ = {
			isa = PBXGroup;
			children = (
				84623F7C1CCD0EF70046315A /* RSAEncrypt&Decrypt.app */,
			);
			name = Products;
			sourceTree = "<group>";
		};
		84623F7E1CCD0EF70046315A /* RSAEncrypt&Decrypt */ = {
			isa = PBXGroup;
			children = (
				84623F821CCD0EF70046315A /* AppDelegate.h */,
				84623F831CCD0EF70046315A /* AppDelegate.m */,
				84623F851CCD0EF70046315A /* ViewController.h */,
				84623F861CCD0EF70046315A /* ViewController.m */,
				84623F881CCD0EF70046315A /* Main.storyboard */,
				84623F8B1CCD0EF70046315A /* Assets.xcassets */,
				84623F8D1CCD0EF70046315A /* LaunchScreen.storyboard */,
				84623F901CCD0EF70046315A /* Info.plist */,
				84623F7F1CCD0EF70046315A /* Supporting Files */,
			);
			path = "RSAEncrypt&Decrypt";
			sourceTree = "<group>";
		};
		84623F7F1CCD0EF70046315A /* Supporting Files */ = {
			isa = PBXGroup;
			children = (
				84623F801CCD0EF70046315A /* main.m */,
			);
			name = "Supporting Files";
			sourceTree = "<group>";
		};
		84623F961CCD0F170046315A /* 公钥私钥 */ = {
			isa = PBXGroup;
			children = (
				84623F971CCD0F170046315A /* p.p12 */,
				84623F981CCD0F170046315A /* rsacert.der */,
			);
			path = "公钥私钥";
			sourceTree = "<group>";
		};
		84623F991CCD0F170046315A /* Base64和RSA加解密 */ = {
			isa = PBXGroup;
			children = (
				84623F9A1CCD0F170046315A /* NSData+Base64.h */,
				84623F9B1CCD0F170046315A /* NSData+Base64.m */,
				84623F9C1CCD0F170046315A /* NSString+Base64.h */,
				84623F9D1CCD0F170046315A /* NSString+Base64.m */,
				84623F9E1CCD0F170046315A /* publick_KEY.der */,
				84623F9F1CCD0F170046315A /* QFRSATool.h */,
				84623FA01CCD0F170046315A /* QFRSATool.m */,
			);
			path = "Base64和RSA加解密";
			sourceTree = "<group>";
		};
/* End PBXGroup section */

/* Begin PBXNativeTarget section */
		84623F7B1CCD0EF70046315A /* RSAEncrypt&Decrypt */ = {
			isa = PBXNativeTarget;
			buildConfigurationList = 84623F931CCD0EF70046315A /* Build configuration list for PBXNativeTarget "RSAEncrypt&Decrypt" */;
			buildPhases = (
				84623F781CCD0EF70046315A /* Sources */,
				84623F791CCD0EF70046315A /* Frameworks */,
				84623F7A1CCD0EF70046315A /* Resources */,
			);
			buildRules = (
			);
			dependencies = (
			);
			name = "RSAEncrypt&Decrypt";
			productName = "RSAEncrypt&Decrypt";
			productReference = 84623F7C1CCD0EF70046315A /* RSAEncrypt&Decrypt.app */;
			productType = "com.apple.product-type.application";
		};
/* End PBXNativeTarget section */

/* Begin PBXProject section */
		84623F741CCD0EF70046315A /* Project object */ = {
			isa = PBXProject;
			attributes = {
				LastUpgradeCheck = 0720;
				ORGANIZATIONNAME = "夏婷";
				TargetAttributes = {
					84623F7B1CCD0EF70046315A = {
						CreatedOnToolsVersion = 7.2;
					};
				};
			};
			buildConfigurationList = 84623F771CCD0EF70046315A /* Build configuration list for PBXProject "RSAEncrypt&Decrypt" */;
			compatibilityVersion = "Xcode 3.2";
			developmentRegion = English;
			hasScannedForEncodings = 0;
			knownRegions = (
				en,
				Base,
			);
			mainGroup = 84623F731CCD0EF70046315A;
			productRefGroup = 84623F7D1CCD0EF70046315A /* Products */;
			projectDirPath = "";
			projectRoot = "";
			targets = (
				84623F7B1CCD0EF70046315A /* RSAEncrypt&Decrypt */,
			);
		};
/* End PBXProject section */

/* Begin PBXResourcesBuildPhase section */
		84623F7A1CCD0EF70046315A /* Resources */ = {
			isa = PBXResourcesBuildPhase;
			buildActionMask = 2147483647;
			files = (
				84623F8F1CCD0EF70046315A /* LaunchScreen.storyboard in Resources */,
				84623F8C1CCD0EF70046315A /* Assets.xcassets in Resources */,
				84623FA11CCD0F170046315A /* p.p12 in Resources */,
				84623F8A1CCD0EF70046315A /* Main.storyboard in Resources */,
				84623FA51CCD0F170046315A /* publick_KEY.der in Resources */,
				84623FA21CCD0F170046315A /* rsacert.der in Resources */,
			);
			runOnlyForDeploymentPostprocessing = 0;
		};
/* End PBXResourcesBuildPhase section */

/* Begin PBXSourcesBuildPhase section */
		84623F781CCD0EF70046315A /* Sources */ = {
			isa = PBXSourcesBuildPhase;
			buildActionMask = 2147483647;
			files = (
				84623F871CCD0EF70046315A /* ViewController.m in Sources */,
				84623FA31CCD0F170046315A /* NSData+Base64.m in Sources */,
				84623F841CCD0EF70046315A /* AppDelegate.m in Sources */,
				84623FA61CCD0F170046315A /* QFRSATool.m in Sources */,
				84623F811CCD0EF70046315A /* main.m in Sources */,
				84623FA41CCD0F170046315A /* NSString+Base64.m in Sources */,
			);
			runOnlyForDeploymentPostprocessing = 0;
		};
/* End PBXSourcesBuildPhase section */

/* Begin PBXVariantGroup section */
		84623F881CCD0EF70046315A /* Main.storyboard */ = {
			isa = PBXVariantGroup;
			children = (
				84623F891CCD0EF70046315A /* Base */,
			);
			name = Main.storyboard;
			sourceTree = "<group>";
		};
		84623F8D1CCD0EF70046315A /* LaunchScreen.storyboard */ = {
			isa = PBXVariantGroup;
			children = (
				84623F8E1CCD0EF70046315A /* Base */,
			);
			name = LaunchScreen.storyboard;
			sourceTree = "<group>";
		};
/* End PBXVariantGroup section */

/* Begin XCBuildConfiguration section */
		84623F911CCD0EF70046315A /* Debug */ = {
			isa = XCBuildConfiguration;
			buildSettings = {
				ALWAYS_SEARCH_USER_PATHS = NO;
				CLANG_CXX_LANGUAGE_STANDARD = "gnu++0x";
				CLANG_CXX_LIBRARY = "libc++";
				CLANG_ENABLE_MODULES = YES;
				CLANG_ENABLE_OBJC_ARC = YES;
				CLANG_WARN_BOOL_CONVERSION = YES;
				CLANG_WARN_CONSTANT_CONVERSION = YES;
				CLANG_WARN_DIRECT_OBJC_ISA_USAGE = YES_ERROR;
				CLANG_WARN_EMPTY_BODY = YES;
				CLANG_WARN_ENUM_CONVERSION = YES;
				CLANG_WARN_INT_CONVERSION = YES;
				CLANG_WARN_OBJC_ROOT_CLASS = YES_ERROR;
				CLANG_WARN_UNREACHABLE_CODE = YES;
				CLANG_WARN__DUPLICATE_METHOD_MATCH = YES;
				"CODE_SIGN_IDENTITY[sdk=iphoneos*]" = "iPhone Developer";
				COPY_PHASE_STRIP = NO;
				DEBUG_INFORMATION_FORMAT = dwarf;
				ENABLE_STRICT_OBJC_MSGSEND = YES;
				ENABLE_TESTABILITY = YES;
				GCC_C_LANGUAGE_STANDARD = gnu99;
				GCC_DYNAMIC_NO_PIC = NO;
				GCC_NO_COMMON_BLOCKS = YES;
				GCC_OPTIMIZATION_LEVEL = 0;
				GCC_PREPROCESSOR_DEFINITIONS = (
					"DEBUG=1",
					"$(inherited)",
				);
				GCC_WARN_64_TO_32_BIT_CONVERSION = YES;
				GCC_WARN_ABOUT_RETURN_TYPE = YES_ERROR;
				GCC_WARN_UNDECLARED_SELECTOR = YES;
				GCC_WARN_UNINITIALIZED_AUTOS = YES_AGGRESSIVE;
				GCC_WARN_UNUSED_FUNCTION = YES;
				GCC_WARN_UNUSED_VARIABLE = YES;
				IPHONEOS_DEPLOYMENT_TARGET = 9.2;
				MTL_ENABLE_DEBUG_INFO = YES;
				ONLY_ACTIVE_ARCH = YES;
				SDKROOT = iphoneos;
				TARGETED_DEVICE_FAMILY = "1,2";
			};
			name = Debug;
		};
		84623F921CCD0EF70046315A /* Release */ = {
			isa = XCBuildConfiguration;
			buildSettings = {
				ALWAYS_SEARCH_USER_PATHS = NO;
				CLANG_CXX_LANGUAGE_STANDARD = "gnu++0x";
				CLANG_CXX_LIBRARY = "libc++";
				CLANG_ENABLE_MODULES = YES;
				CLANG_ENABLE_OBJC_ARC = YES;
				CLANG_WARN_BOOL_CONVERSION = YES;
				CLANG_WARN_CONSTANT_CONVERSION = YES;
				CLANG_WARN_DIRECT_OBJC_ISA_USAGE = YES_ERROR;
				CLANG_WARN_EMPTY_BODY = YES;
				CLANG_WARN_ENUM_CONVERSION = YES;
				CLANG_WARN_INT_CONVERSION = YES;
				CLANG_WARN_OBJC_ROOT_CLASS = YES_ERROR;
				CLANG_WARN_UNREACHABLE_CODE = YES;
				CLANG_WARN__DUPLICATE_METHOD_MATCH = YES;
				"CODE_SIGN_IDENTITY[sdk=iphoneos*]" = "iPhone Developer";
				COPY_PHASE_STRIP = NO;
				DEBUG_INFORMATION_FORMAT = "dwarf-with-dsym";
				ENABLE_NS_ASSERTIONS = NO;
				ENABLE_STRICT_OBJC_MSGSEND = YES;
				GCC_C_LANGUAGE_STANDARD = gnu99;
				GCC_NO_COMMON_BLOCKS = YES;
				GCC_WARN_64_TO_32_BIT_CONVERSION = YES;
				GCC_WARN_ABOUT_RETURN_TYPE = YES_ERROR;
				GCC_WARN_UNDECLARED_SELECTOR = YES;
				GCC_WARN_UNINITIALIZED_AUTOS = YES_AGGRESSIVE;
				GCC_WARN_UNUSED_FUNCTION = YES;
				GCC_WARN_UNUSED_VARIABLE = YES;
				IPHONEOS_DEPLOYMENT_TARGET = 9.2;
				MTL_ENABLE_DEBUG_INFO = NO;
				SDKROOT = iphoneos;
				TARGETED_DEVICE_FAMILY = "1,2";
				VALIDATE_PRODUCT = YES;
			};
			name = Release;
		};
		84623F941CCD0EF70046315A /* Debug */ = {
			isa = XCBuildConfiguration;
			buildSettings = {
				ASSETCATALOG_COMPILER_APPICON_NAME = AppIcon;
				INFOPLIST_FILE = "RSAEncrypt&Decrypt/Info.plist";
				LD_RUNPATH_SEARCH_PATHS = "$(inherited) @executable_path/Frameworks";
				PRODUCT_BUNDLE_IDENTIFIER = "com.QF.RSAEncrypt-Decrypt";
				PRODUCT_NAME = "$(TARGET_NAME)";
			};
			name = Debug;
		};
		84623F951CCD0EF70046315A /* Release */ = {
			isa = XCBuildConfiguration;
			buildSettings = {
				ASSETCATALOG_COMPILER_APPICON_NAME = AppIcon;
				INFOPLIST_FILE = "RSAEncrypt&Decrypt/Info.plist";
				LD_RUNPATH_SEARCH_PATHS = "$(inherited) @executable_path/Frameworks";
				PRODUCT_BUNDLE_IDENTIFIER = "com.QF.RSAEncrypt-Decrypt";
				PRODUCT_NAME = "$(TARGET_NAME)";
			};
			name = Release;
		};
/* End XCBuildConfiguration section */

/* Begin XCConfigurationList section */
		84623F771CCD0EF70046315A /* Build configuration list for PBXProject "RSAEncrypt&Decrypt" */ = {
			isa = XCConfigurationList;
			buildConfigurations = (
				84623F911CCD0EF70046315A /* Debug */,
				84623F921CCD0EF70046315A /* Release */,
			);
			defaultConfigurationIsVisible = 0;
			defaultConfigurationName = Release;
		};
		84623F931CCD0EF70046315A /* Build configuration list for PBXNativeTarget "RSAEncrypt&Decrypt" */ = {
			isa = XCConfigurationList;
			buildConfigurations = (
				84623F941CCD0EF70046315A /* Debug */,
				84623F951CCD0EF70046315A /* Release */,
			);
			defaultConfigurationIsVisible = 0;
		};
/* End XCConfigurationList section */
	};
	rootObject = 84623F741CCD0EF70046315A /* Project object */;
}
